
Microsoft Visual Studio Solution File, Format Version 12.00
# Visual Studio Version 17
VisualStudioVersion = 17.11.35312.102
MinimumVisualStudioVersion = 10.0.40219.1
Project("{2150E333-8FDC-42A3-9474-1A3956D46DE8}") = "Solution Items", "Solution Items", "{7EDF3670-32DF-403E-BD6F-9A7D71A806F1}"
	ProjectSection(SolutionItems) = preProject
		README.md = README.md
	EndProjectSection
EndProject
Project("{FAE04EC0-301F-11D3-BF4B-00C04F79EFBC}") = "CrudOrnek", "CrudOrnek\CrudOrnek.csproj", "{7FA49E26-9440-4537-93E9-88080077D6DF}"
EndProject
Project("{FAE04EC0-301F-11D3-BF4B-00C04F79EFBC}") = "MovieWorld", "MovieWorld\MovieWorld.csproj", "{F70901C6-689D-47D0-B897-384363841238}"
EndProject
Global
	GlobalSection(SolutionConfigurationPlatforms) = preSolution
		Debug|Any CPU = Debug|Any CPU
		Release|Any CPU = Release|Any CPU
	EndGlobalSection
	GlobalSection(ProjectConfigurationPlatforms) = postSolution
		{7FA49E26-9440-4537-93E9-88080077D6DF}.Debug|Any CPU.ActiveCfg = Debug|Any CPU
		{7FA49E26-9440-4537-93E9-88080077D6DF}.Debug|Any CPU.Build.0 = Debug|Any CPU
		{7FA49E26-9440-4537-93E9-88080077D6DF}.Release|Any CPU.ActiveCfg = Release|Any CPU
		{7FA49E26-9440-4537-93E9-88080077D6DF}.Release|Any CPU.Build.0 = Release|Any CPU
		{F70901C6-689D-47D0-B897-384363841238}.Debug|Any CPU.ActiveCfg = Debug|Any CPU
		{F70901C6-689D-47D0-B897-384363841238}.Debug|Any CPU.Build.0 = Debug|Any CPU
		{F70901C6-689D-47D0-B897-384363841238}.Release|Any CPU.ActiveCfg = Release|Any CPU
		{F70901C6-689D-47D0-B897-384363841238}.Release|Any CPU.Build.0 = Release|Any CPU
	EndGlobalSection
	GlobalSection(SolutionProperties) = preSolution
		HideSolutionNode = FALSE
	EndGlobalSection
	GlobalSection(ExtensibilityGlobals) = postSolution
		SolutionGuid = {DD3CE87A-DC9B-40B8-8A8B-9E6660E89DEE}
	EndGlobalSection
EndGlobal
